
Microsoft Visual Studio Solution File, Format Version 12.00
# Visual Studio Version 16
VisualStudioVersion = 16.0.29709.97
MinimumVisualStudioVersion = 10.0.40219.1
Project("{FAE04EC0-301F-11D3-BF4B-00C04F79EFBC}") = "IterationSofiaChumpitazi", "IterationSofiaChumpitazi.csproj", "{CCC79B64-3AAC-4021-9AE1-878B28FBC64F}"
EndProject
Global
	GlobalSection(SolutionConfigurationPlatforms) = preSolution
		Debug|Any CPU = Debug|Any CPU
		Release|Any CPU = Release|Any CPU
	EndGlobalSection
	GlobalSection(ProjectConfigurationPlatforms) = postSolution
		{CCC79B64-3AAC-4021-9AE1-878B28FBC64F}.Debug|Any CPU.ActiveCfg = Debug|Any CPU
		{CCC79B64-3AAC-4021-9AE1-878B28FBC64F}.Debug|Any CPU.Build.0 = Debug|Any CPU
		{CCC79B64-3AAC-4021-9AE1-878B28FBC64F}.Release|Any CPU.ActiveCfg = Release|Any CPU
		{CCC79B64-3AAC-4021-9AE1-878B28FBC64F}.Release|Any CPU.Build.0 = Release|Any CPU
	EndGlobalSection
	GlobalSection(SolutionProperties) = preSolution
		HideSolutionNode = FALSE
	EndGlobalSection
	GlobalSection(ExtensibilityGlobals) = postSolution
		SolutionGuid = {81D4399C-2EC5-48F1-B5DA-727CF39D7B74}
	EndGlobalSection
EndGlobal
